// !$*UTF8*$!
{
	archiveVersion = 1;
	classes = {
	};
	objectVersion = 56;
	objects = {

/* Begin PBXBuildFile section */
		07627B102B9926AF0029415D /* ClearChefApp.swift in Sources */ = {isa = PBXBuildFile; fileRef = 07627B0F2B9926AF0029415D /* ClearChefApp.swift */; };
		07627B122B9926AF0029415D /* ContentView.swift in Sources */ = {isa = PBXBuildFile; fileRef = 07627B112B9926AF0029415D /* ContentView.swift */; };
		07627B142B9926C20029415D /* Assets.xcassets in Resources */ = {isa = PBXBuildFile; fileRef = 07627B132B9926C20029415D /* Assets.xcassets */; };
		07627B172B9926C20029415D /* Preview Assets.xcassets in Resources */ = {isa = PBXBuildFile; fileRef = 07627B162B9926C20029415D /* Preview Assets.xcassets */; };
		07627B1F2B9928ED0029415D /* RecipeRow.swift in Sources */ = {isa = PBXBuildFile; fileRef = 07627B1E2B9928ED0029415D /* RecipeRow.swift */; };
		07627B242B9931420029415D /* Recipe.swift in Sources */ = {isa = PBXBuildFile; fileRef = 07627B232B9931420029415D /* Recipe.swift */; };
		07627B262B99420F0029415D /* SettingsView.swift in Sources */ = {isa = PBXBuildFile; fileRef = 07627B252B99420F0029415D /* SettingsView.swift */; };
		07627B282B9943040029415D /* AddRecipe.swift in Sources */ = {isa = PBXBuildFile; fileRef = 07627B272B9943040029415D /* AddRecipe.swift */; };
		07627B2A2B9943EA0029415D /* RecipeViewer.swift in Sources */ = {isa = PBXBuildFile; fileRef = 07627B292B9943EA0029415D /* RecipeViewer.swift */; };
		07627B2E2B9953010029415D /* RecipeInfo.swift in Sources */ = {isa = PBXBuildFile; fileRef = 07627B2D2B9953010029415D /* RecipeInfo.swift */; };
		07B4F94C2B9AAA5E00B45C5C /* PhotosSelector.swift in Sources */ = {isa = PBXBuildFile; fileRef = 07B4F94B2B9AAA5E00B45C5C /* PhotosSelector.swift */; };
		4649F22B2B9CEAF700A1D245 /* Ingredient.swift in Sources */ = {isa = PBXBuildFile; fileRef = 4649F22A2B9CEAF700A1D245 /* Ingredient.swift */; };
		4649F22D2B9D00BC00A1D245 /* IngredientLinkPage.swift in Sources */ = {isa = PBXBuildFile; fileRef = 4649F22C2B9D00BC00A1D245 /* IngredientLinkPage.swift */; };
		4649F22F2B9E638000A1D245 /* Category.swift in Sources */ = {isa = PBXBuildFile; fileRef = 4649F22E2B9E638000A1D245 /* Category.swift */; };
		46BD66D22B9BC9E4008DFEF5 /* AddEditRecipe.swift in Sources */ = {isa = PBXBuildFile; fileRef = 46BD66D12B9BC9E4008DFEF5 /* AddEditRecipe.swift */; };
/* End PBXBuildFile section */

/* Begin PBXFileReference section */
		07627B0C2B9926AF0029415D /* ClearChef.app */ = {isa = PBXFileReference; explicitFileType = wrapper.application; includeInIndex = 0; path = ClearChef.app; sourceTree = BUILT_PRODUCTS_DIR; };
		07627B0F2B9926AF0029415D /* ClearChefApp.swift */ = {isa = PBXFileReference; lastKnownFileType = sourcecode.swift; path = ClearChefApp.swift; sourceTree = "<group>"; };
		07627B112B9926AF0029415D /* ContentView.swift */ = {isa = PBXFileReference; lastKnownFileType = sourcecode.swift; path = ContentView.swift; sourceTree = "<group>"; };
		07627B132B9926C20029415D /* Assets.xcassets */ = {isa = PBXFileReference; lastKnownFileType = folder.assetcatalog; path = Assets.xcassets; sourceTree = "<group>"; };
		07627B162B9926C20029415D /* Preview Assets.xcassets */ = {isa = PBXFileReference; lastKnownFileType = folder.assetcatalog; path = "Preview Assets.xcassets"; sourceTree = "<group>"; };
		07627B1E2B9928ED0029415D /* RecipeRow.swift */ = {isa = PBXFileReference; lastKnownFileType = sourcecode.swift; path = RecipeRow.swift; sourceTree = "<group>"; };
		07627B232B9931420029415D /* Recipe.swift */ = {isa = PBXFileReference; lastKnownFileType = sourcecode.swift; path = Recipe.swift; sourceTree = "<group>"; };
		07627B252B99420F0029415D /* SettingsView.swift */ = {isa = PBXFileReference; lastKnownFileType = sourcecode.swift; path = SettingsView.swift; sourceTree = "<group>"; };
		07627B272B9943040029415D /* AddRecipe.swift */ = {isa = PBXFileReference; lastKnownFileType = sourcecode.swift; path = AddRecipe.swift; sourceTree = "<group>"; };
		07627B292B9943EA0029415D /* RecipeViewer.swift */ = {isa = PBXFileReference; lastKnownFileType = sourcecode.swift; path = RecipeViewer.swift; sourceTree = "<group>"; };
		07627B2D2B9953010029415D /* RecipeInfo.swift */ = {isa = PBXFileReference; lastKnownFileType = sourcecode.swift; path = RecipeInfo.swift; sourceTree = "<group>"; };
		07627B2F2B9955A80029415D /* README.md */ = {isa = PBXFileReference; lastKnownFileType = net.daringfireball.markdown; path = README.md; sourceTree = "<group>"; xcLanguageSpecificationIdentifier = xcode.lang.markdown; };
		07B4F94B2B9AAA5E00B45C5C /* PhotosSelector.swift */ = {isa = PBXFileReference; lastKnownFileType = sourcecode.swift; path = PhotosSelector.swift; sourceTree = "<group>"; };
		4649F22A2B9CEAF700A1D245 /* Ingredient.swift */ = {isa = PBXFileReference; lastKnownFileType = sourcecode.swift; path = Ingredient.swift; sourceTree = "<group>"; };
		4649F22C2B9D00BC00A1D245 /* IngredientLinkPage.swift */ = {isa = PBXFileReference; lastKnownFileType = sourcecode.swift; path = IngredientLinkPage.swift; sourceTree = "<group>"; };
		4649F22E2B9E638000A1D245 /* Category.swift */ = {isa = PBXFileReference; lastKnownFileType = sourcecode.swift; path = Category.swift; sourceTree = "<group>"; };
		46BD66D12B9BC9E4008DFEF5 /* AddEditRecipe.swift */ = {isa = PBXFileReference; lastKnownFileType = sourcecode.swift; path = AddEditRecipe.swift; sourceTree = "<group>"; };
/* End PBXFileReference section */

/* Begin PBXFrameworksBuildPhase section */
		07627B092B9926AF0029415D /* Frameworks */ = {
			isa = PBXFrameworksBuildPhase;
			buildActionMask = 2147483647;
			files = (
			);
			runOnlyForDeploymentPostprocessing = 0;
		};
/* End PBXFrameworksBuildPhase section */

/* Begin PBXGroup section */
		07627B032B9926AE0029415D = {
			isa = PBXGroup;
			children = (
				07627B2F2B9955A80029415D /* README.md */,
				07627B0E2B9926AF0029415D /* ClearChef */,
				07627B0D2B9926AF0029415D /* Products */,
			);
			sourceTree = "<group>";
		};
		07627B0D2B9926AF0029415D /* Products */ = {
			isa = PBXGroup;
			children = (
				07627B0C2B9926AF0029415D /* ClearChef.app */,
			);
			name = Products;
			sourceTree = "<group>";
		};
		07627B0E2B9926AF0029415D /* ClearChef */ = {
			isa = PBXGroup;
			children = (
				07627B0F2B9926AF0029415D /* ClearChefApp.swift */,
				07627B222B9931110029415D /* Models */,
				07627B1D2B9928370029415D /* Views */,
				07627B132B9926C20029415D /* Assets.xcassets */,
				07627B152B9926C20029415D /* Preview Content */,
			);
			path = ClearChef;
			sourceTree = "<group>";
		};
		07627B152B9926C20029415D /* Preview Content */ = {
			isa = PBXGroup;
			children = (
				07627B162B9926C20029415D /* Preview Assets.xcassets */,
			);
			path = "Preview Content";
			sourceTree = "<group>";
		};
		07627B1D2B9928370029415D /* Views */ = {
			isa = PBXGroup;
			children = (
				07627B112B9926AF0029415D /* ContentView.swift */,
				07627B1E2B9928ED0029415D /* RecipeRow.swift */,
				07627B252B99420F0029415D /* SettingsView.swift */,
				07627B272B9943040029415D /* AddRecipe.swift */,
				07627B292B9943EA0029415D /* RecipeViewer.swift */,
				07627B2D2B9953010029415D /* RecipeInfo.swift */,
				07B4F94B2B9AAA5E00B45C5C /* PhotosSelector.swift */,
				46BD66D12B9BC9E4008DFEF5 /* AddEditRecipe.swift */,
				4649F22C2B9D00BC00A1D245 /* IngredientLinkPage.swift */,
			);
			path = Views;
			sourceTree = "<group>";
		};
		07627B222B9931110029415D /* Models */ = {
			isa = PBXGroup;
			children = (
				07627B232B9931420029415D /* Recipe.swift */,
				4649F22A2B9CEAF700A1D245 /* Ingredient.swift */,
				4649F22E2B9E638000A1D245 /* Category.swift */,
			);
			path = Models;
			sourceTree = "<group>";
		};
/* End PBXGroup section */

/* Begin PBXNativeTarget section */
		07627B0B2B9926AF0029415D /* ClearChef */ = {
			isa = PBXNativeTarget;
			buildConfigurationList = 07627B1A2B9926C20029415D /* Build configuration list for PBXNativeTarget "ClearChef" */;
			buildPhases = (
				07627B082B9926AF0029415D /* Sources */,
				07627B092B9926AF0029415D /* Frameworks */,
				07627B0A2B9926AF0029415D /* Resources */,
			);
			buildRules = (
			);
			dependencies = (
			);
			name = ClearChef;
			productName = ClearChef;
			productReference = 07627B0C2B9926AF0029415D /* ClearChef.app */;
			productType = "com.apple.product-type.application";
		};
/* End PBXNativeTarget section */

/* Begin PBXProject section */
		07627B042B9926AE0029415D /* Project object */ = {
			isa = PBXProject;
			attributes = {
				BuildIndependentTargetsInParallel = 1;
				LastSwiftUpdateCheck = 1520;
				LastUpgradeCheck = 1520;
				TargetAttributes = {
					07627B0B2B9926AF0029415D = {
						CreatedOnToolsVersion = 15.2;
					};
				};
			};
			buildConfigurationList = 07627B072B9926AE0029415D /* Build configuration list for PBXProject "ClearChef" */;
			compatibilityVersion = "Xcode 14.0";
			developmentRegion = en;
			hasScannedForEncodings = 0;
			knownRegions = (
				en,
				Base,
			);
			mainGroup = 07627B032B9926AE0029415D;
			productRefGroup = 07627B0D2B9926AF0029415D /* Products */;
			projectDirPath = "";
			projectRoot = "";
			targets = (
				07627B0B2B9926AF0029415D /* ClearChef */,
			);
		};
/* End PBXProject section */

/* Begin PBXResourcesBuildPhase section */
		07627B0A2B9926AF0029415D /* Resources */ = {
			isa = PBXResourcesBuildPhase;
			buildActionMask = 2147483647;
			files = (
				07627B172B9926C20029415D /* Preview Assets.xcassets in Resources */,
				07627B142B9926C20029415D /* Assets.xcassets in Resources */,
			);
			runOnlyForDeploymentPostprocessing = 0;
		};
/* End PBXResourcesBuildPhase section */

/* Begin PBXSourcesBuildPhase section */
		07627B082B9926AF0029415D /* Sources */ = {
			isa = PBXSourcesBuildPhase;
			buildActionMask = 2147483647;
			files = (
				07627B262B99420F0029415D /* SettingsView.swift in Sources */,
				07627B2A2B9943EA0029415D /* RecipeViewer.swift in Sources */,
				07627B242B9931420029415D /* Recipe.swift in Sources */,
				07627B122B9926AF0029415D /* ContentView.swift in Sources */,
				07627B282B9943040029415D /* AddRecipe.swift in Sources */,
				46BD66D22B9BC9E4008DFEF5 /* AddEditRecipe.swift in Sources */,
				07B4F94C2B9AAA5E00B45C5C /* PhotosSelector.swift in Sources */,
				4649F22D2B9D00BC00A1D245 /* IngredientLinkPage.swift in Sources */,
				07627B102B9926AF0029415D /* ClearChefApp.swift in Sources */,
				4649F22F2B9E638000A1D245 /* Category.swift in Sources */,
				07627B1F2B9928ED0029415D /* RecipeRow.swift in Sources */,
				07627B2E2B9953010029415D /* RecipeInfo.swift in Sources */,
				4649F22B2B9CEAF700A1D245 /* Ingredient.swift in Sources */,
			);
			runOnlyForDeploymentPostprocessing = 0;
		};
/* End PBXSourcesBuildPhase section */

/* Begin XCBuildConfiguration section */
		07627B182B9926C20029415D /* Debug */ = {
			isa = XCBuildConfiguration;
			buildSettings = {
				ALWAYS_SEARCH_USER_PATHS = NO;
				ASSETCATALOG_COMPILER_GENERATE_SWIFT_ASSET_SYMBOL_EXTENSIONS = YES;
				CLANG_ANALYZER_NONNULL = YES;
				CLANG_ANALYZER_NUMBER_OBJECT_CONVERSION = YES_AGGRESSIVE;
				CLANG_CXX_LANGUAGE_STANDARD = "gnu++20";
				CLANG_ENABLE_MODULES = YES;
				CLANG_ENABLE_OBJC_ARC = YES;
				CLANG_ENABLE_OBJC_WEAK = YES;
				CLANG_WARN_BLOCK_CAPTURE_AUTORELEASING = YES;
				CLANG_WARN_BOOL_CONVERSION = YES;
				CLANG_WARN_COMMA = YES;
				CLANG_WARN_CONSTANT_CONVERSION = YES;
				CLANG_WARN_DEPRECATED_OBJC_IMPLEMENTATIONS = YES;
				CLANG_WARN_DIRECT_OBJC_ISA_USAGE = YES_ERROR;
				CLANG_WARN_DOCUMENTATION_COMMENTS = YES;
				CLANG_WARN_EMPTY_BODY = YES;
				CLANG_WARN_ENUM_CONVERSION = YES;
				CLANG_WARN_INFINITE_RECURSION = YES;
				CLANG_WARN_INT_CONVERSION = YES;
				CLANG_WARN_NON_LITERAL_NULL_CONVERSION = YES;
				CLANG_WARN_OBJC_IMPLICIT_RETAIN_SELF = YES;
				CLANG_WARN_OBJC_LITERAL_CONVERSION = YES;
				CLANG_WARN_OBJC_ROOT_CLASS = YES_ERROR;
				CLANG_WARN_QUOTED_INCLUDE_IN_FRAMEWORK_HEADER = YES;
				CLANG_WARN_RANGE_LOOP_ANALYSIS = YES;
				CLANG_WARN_STRICT_PROTOTYPES = YES;
				CLANG_WARN_SUSPICIOUS_MOVE = YES;
				CLANG_WARN_UNGUARDED_AVAILABILITY = YES_AGGRESSIVE;
				CLANG_WARN_UNREACHABLE_CODE = YES;
				CLANG_WARN__DUPLICATE_METHOD_MATCH = YES;
				COPY_PHASE_STRIP = NO;
				DEBUG_INFORMATION_FORMAT = dwarf;
				ENABLE_STRICT_OBJC_MSGSEND = YES;
				ENABLE_TESTABILITY = YES;
				ENABLE_USER_SCRIPT_SANDBOXING = YES;
				GCC_C_LANGUAGE_STANDARD = gnu17;
				GCC_DYNAMIC_NO_PIC = NO;
				GCC_NO_COMMON_BLOCKS = YES;
				GCC_OPTIMIZATION_LEVEL = 0;
				GCC_PREPROCESSOR_DEFINITIONS = (
					"DEBUG=1",
					"$(inherited)",
				);
				GCC_WARN_64_TO_32_BIT_CONVERSION = YES;
				GCC_WARN_ABOUT_RETURN_TYPE = YES_ERROR;
				GCC_WARN_UNDECLARED_SELECTOR = YES;
				GCC_WARN_UNINITIALIZED_AUTOS = YES_AGGRESSIVE;
				GCC_WARN_UNUSED_FUNCTION = YES;
				GCC_WARN_UNUSED_VARIABLE = YES;
				IPHONEOS_DEPLOYMENT_TARGET = 17.2;
				LOCALIZATION_PREFERS_STRING_CATALOGS = YES;
				MTL_ENABLE_DEBUG_INFO = INCLUDE_SOURCE;
				MTL_FAST_MATH = YES;
				ONLY_ACTIVE_ARCH = YES;
				SDKROOT = iphoneos;
				SWIFT_ACTIVE_COMPILATION_CONDITIONS = "DEBUG $(inherited)";
				SWIFT_OPTIMIZATION_LEVEL = "-Onone";
			};
			name = Debug;
		};
		07627B192B9926C20029415D /* Release */ = {
			isa = XCBuildConfiguration;
			buildSettings = {
				ALWAYS_SEARCH_USER_PATHS = NO;
				ASSETCATALOG_COMPILER_GENERATE_SWIFT_ASSET_SYMBOL_EXTENSIONS = YES;
				CLANG_ANALYZER_NONNULL = YES;
				CLANG_ANALYZER_NUMBER_OBJECT_CONVERSION = YES_AGGRESSIVE;
				CLANG_CXX_LANGUAGE_STANDARD = "gnu++20";
				CLANG_ENABLE_MODULES = YES;
				CLANG_ENABLE_OBJC_ARC = YES;
				CLANG_ENABLE_OBJC_WEAK = YES;
				CLANG_WARN_BLOCK_CAPTURE_AUTORELEASING = YES;
				CLANG_WARN_BOOL_CONVERSION = YES;
				CLANG_WARN_COMMA = YES;
				CLANG_WARN_CONSTANT_CONVERSION = YES;
				CLANG_WARN_DEPRECATED_OBJC_IMPLEMENTATIONS = YES;
				CLANG_WARN_DIRECT_OBJC_ISA_USAGE = YES_ERROR;
				CLANG_WARN_DOCUMENTATION_COMMENTS = YES;
				CLANG_WARN_EMPTY_BODY = YES;
				CLANG_WARN_ENUM_CONVERSION = YES;
				CLANG_WARN_INFINITE_RECURSION = YES;
				CLANG_WARN_INT_CONVERSION = YES;
				CLANG_WARN_NON_LITERAL_NULL_CONVERSION = YES;
				CLANG_WARN_OBJC_IMPLICIT_RETAIN_SELF = YES;
				CLANG_WARN_OBJC_LITERAL_CONVERSION = YES;
				CLANG_WARN_OBJC_ROOT_CLASS = YES_ERROR;
				CLANG_WARN_QUOTED_INCLUDE_IN_FRAMEWORK_HEADER = YES;
				CLANG_WARN_RANGE_LOOP_ANALYSIS = YES;
				CLANG_WARN_STRICT_PROTOTYPES = YES;
				CLANG_WARN_SUSPICIOUS_MOVE = YES;
				CLANG_WARN_UNGUARDED_AVAILABILITY = YES_AGGRESSIVE;
				CLANG_WARN_UNREACHABLE_CODE = YES;
				CLANG_WARN__DUPLICATE_METHOD_MATCH = YES;
				COPY_PHASE_STRIP = NO;
				DEBUG_INFORMATION_FORMAT = "dwarf-with-dsym";
				ENABLE_NS_ASSERTIONS = NO;
				ENABLE_STRICT_OBJC_MSGSEND = YES;
				ENABLE_USER_SCRIPT_SANDBOXING = YES;
				GCC_C_LANGUAGE_STANDARD = gnu17;
				GCC_NO_COMMON_BLOCKS = YES;
				GCC_WARN_64_TO_32_BIT_CONVERSION = YES;
				GCC_WARN_ABOUT_RETURN_TYPE = YES_ERROR;
				GCC_WARN_UNDECLARED_SELECTOR = YES;
				GCC_WARN_UNINITIALIZED_AUTOS = YES_AGGRESSIVE;
				GCC_WARN_UNUSED_FUNCTION = YES;
				GCC_WARN_UNUSED_VARIABLE = YES;
				IPHONEOS_DEPLOYMENT_TARGET = 17.2;
				LOCALIZATION_PREFERS_STRING_CATALOGS = YES;
				MTL_ENABLE_DEBUG_INFO = NO;
				MTL_FAST_MATH = YES;
				SDKROOT = iphoneos;
				SWIFT_COMPILATION_MODE = wholemodule;
				VALIDATE_PRODUCT = YES;
			};
			name = Release;
		};
		07627B1B2B9926C20029415D /* Debug */ = {
			isa = XCBuildConfiguration;
			buildSettings = {
				ASSETCATALOG_COMPILER_APPICON_NAME = AppIcon;
				ASSETCATALOG_COMPILER_GLOBAL_ACCENT_COLOR_NAME = AccentColor;
				CODE_SIGN_STYLE = Automatic;
				CURRENT_PROJECT_VERSION = 1;
				DEVELOPMENT_ASSET_PATHS = "\"ClearChef/Preview Content\"";
				DEVELOPMENT_TEAM = WBU4S3K2ST;
				ENABLE_PREVIEWS = YES;
				GENERATE_INFOPLIST_FILE = YES;
				INFOPLIST_KEY_UIApplicationSceneManifest_Generation = YES;
				INFOPLIST_KEY_UIApplicationSupportsIndirectInputEvents = YES;
				INFOPLIST_KEY_UILaunchScreen_Generation = YES;
				INFOPLIST_KEY_UISupportedInterfaceOrientations_iPad = "UIInterfaceOrientationPortrait UIInterfaceOrientationPortraitUpsideDown UIInterfaceOrientationLandscapeLeft UIInterfaceOrientationLandscapeRight";
				INFOPLIST_KEY_UISupportedInterfaceOrientations_iPhone = "UIInterfaceOrientationPortrait UIInterfaceOrientationLandscapeLeft UIInterfaceOrientationLandscapeRight";
				IPHONEOS_DEPLOYMENT_TARGET = 16.5;
				LD_RUNPATH_SEARCH_PATHS = (
					"$(inherited)",
					"@executable_path/Frameworks",
				);
				MARKETING_VERSION = 1.0;
				PRODUCT_BUNDLE_IDENTIFIER = io.github.dylangoodman60.ClearChef;
				PRODUCT_NAME = "$(TARGET_NAME)";
				SWIFT_EMIT_LOC_STRINGS = YES;
				SWIFT_VERSION = 5.0;
				TARGETED_DEVICE_FAMILY = "1,2";
			};
			name = Debug;
		};
		07627B1C2B9926C20029415D /* Release */ = {
			isa = XCBuildConfiguration;
			buildSettings = {
				ASSETCATALOG_COMPILER_APPICON_NAME = AppIcon;
				ASSETCATALOG_COMPILER_GLOBAL_ACCENT_COLOR_NAME = AccentColor;
				CODE_SIGN_STYLE = Automatic;
				CURRENT_PROJECT_VERSION = 1;
				DEVELOPMENT_ASSET_PATHS = "\"ClearChef/Preview Content\"";
				DEVELOPMENT_TEAM = WBU4S3K2ST;
				ENABLE_PREVIEWS = YES;
				GENERATE_INFOPLIST_FILE = YES;
				INFOPLIST_KEY_UIApplicationSceneManifest_Generation = YES;
				INFOPLIST_KEY_UIApplicationSupportsIndirectInputEvents = YES;
				INFOPLIST_KEY_UILaunchScreen_Generation = YES;
				INFOPLIST_KEY_UISupportedInterfaceOrientations_iPad = "UIInterfaceOrientationPortrait UIInterfaceOrientationPortraitUpsideDown UIInterfaceOrientationLandscapeLeft UIInterfaceOrientationLandscapeRight";
				INFOPLIST_KEY_UISupportedInterfaceOrientations_iPhone = "UIInterfaceOrientationPortrait UIInterfaceOrientationLandscapeLeft UIInterfaceOrientationLandscapeRight";
				IPHONEOS_DEPLOYMENT_TARGET = 16.5;
				LD_RUNPATH_SEARCH_PATHS = (
					"$(inherited)",
					"@executable_path/Frameworks",
				);
				MARKETING_VERSION = 1.0;
				PRODUCT_BUNDLE_IDENTIFIER = io.github.dylangoodman60.ClearChef;
				PRODUCT_NAME = "$(TARGET_NAME)";
				SWIFT_EMIT_LOC_STRINGS = YES;
				SWIFT_VERSION = 5.0;
				TARGETED_DEVICE_FAMILY = "1,2";
			};
			name = Release;
		};
/* End XCBuildConfiguration section */

/* Begin XCConfigurationList section */
		07627B072B9926AE0029415D /* Build configuration list for PBXProject "ClearChef" */ = {
			isa = XCConfigurationList;
			buildConfigurations = (
				07627B182B9926C20029415D /* Debug */,
				07627B192B9926C20029415D /* Release */,
			);
			defaultConfigurationIsVisible = 0;
			defaultConfigurationName = Release;
		};
		07627B1A2B9926C20029415D /* Build configuration list for PBXNativeTarget "ClearChef" */ = {
			isa = XCConfigurationList;
			buildConfigurations = (
				07627B1B2B9926C20029415D /* Debug */,
				07627B1C2B9926C20029415D /* Release */,
			);
			defaultConfigurationIsVisible = 0;
			defaultConfigurationName = Release;
		};
/* End XCConfigurationList section */
	};
	rootObject = 07627B042B9926AE0029415D /* Project object */;
}
